// !$*UTF8*$!
{
	archiveVersion = 1;
	classes = {
	};
	objectVersion = 56;
	objects = {

/* Begin PBXBuildFile section */
		2252C0CA2B10917800196C8E /* GoogleService-Info.plist in Resources */ = {isa = PBXBuildFile; fileRef = 2252C0C92B10917800196C8E /* GoogleService-Info.plist */; };
		2252C0CD2B10A9E800196C8E /* FirebaseAuth in Frameworks */ = {isa = PBXBuildFile; productRef = 2252C0CC2B10A9E800196C8E /* FirebaseAuth */; };
		2252C0CF2B10A9E800196C8E /* FirebaseAuthCombine-Community in Frameworks */ = {isa = PBXBuildFile; productRef = 2252C0CE2B10A9E800196C8E /* FirebaseAuthCombine-Community */; };
		2252C0D12B10A9E800196C8E /* FirebaseDatabase in Frameworks */ = {isa = PBXBuildFile; productRef = 2252C0D02B10A9E800196C8E /* FirebaseDatabase */; };
		2252C0D32B10A9E800196C8E /* FirebaseDatabaseSwift in Frameworks */ = {isa = PBXBuildFile; productRef = 2252C0D22B10A9E800196C8E /* FirebaseDatabaseSwift */; };
		2252C0D52B10A9E800196C8E /* FirebaseFirestore in Frameworks */ = {isa = PBXBuildFile; productRef = 2252C0D42B10A9E800196C8E /* FirebaseFirestore */; };
		2252C0D72B10A9E800196C8E /* FirebaseFirestoreCombine-Community in Frameworks */ = {isa = PBXBuildFile; productRef = 2252C0D62B10A9E800196C8E /* FirebaseFirestoreCombine-Community */; };
		2252C0D92B10A9E800196C8E /* FirebaseFirestoreSwift in Frameworks */ = {isa = PBXBuildFile; productRef = 2252C0D82B10A9E800196C8E /* FirebaseFirestoreSwift */; };
		2252C0DB2B10A9E800196C8E /* FirebaseStorage in Frameworks */ = {isa = PBXBuildFile; productRef = 2252C0DA2B10A9E800196C8E /* FirebaseStorage */; };
		2252C0DD2B10A9E800196C8E /* FirebaseStorageCombine-Community in Frameworks */ = {isa = PBXBuildFile; productRef = 2252C0DC2B10A9E800196C8E /* FirebaseStorageCombine-Community */; };
		2252C0E02B10ABB700196C8E /* OnboardingViewController.swift in Sources */ = {isa = PBXBuildFile; fileRef = 2252C0DF2B10ABB700196C8E /* OnboardingViewController.swift */; };
		2252C0E22B10B15B00196C8E /* RegisterViewController.swift in Sources */ = {isa = PBXBuildFile; fileRef = 2252C0E12B10B15B00196C8E /* RegisterViewController.swift */; };
		2252C0E52B10BF8400196C8E /* RegisterViewModel.swift in Sources */ = {isa = PBXBuildFile; fileRef = 2252C0E42B10BF8400196C8E /* RegisterViewModel.swift */; };
		2252C0E82B10C46400196C8E /* AuthManager.swift in Sources */ = {isa = PBXBuildFile; fileRef = 2252C0E72B10C46400196C8E /* AuthManager.swift */; };
		228F8C0B2B0F4F7900159632 /* AppDelegate.swift in Sources */ = {isa = PBXBuildFile; fileRef = 228F8C0A2B0F4F7900159632 /* AppDelegate.swift */; };
		228F8C0D2B0F4F7900159632 /* SceneDelegate.swift in Sources */ = {isa = PBXBuildFile; fileRef = 228F8C0C2B0F4F7900159632 /* SceneDelegate.swift */; };
		228F8C0F2B0F4F7900159632 /* MainTabBarViewController.swift in Sources */ = {isa = PBXBuildFile; fileRef = 228F8C0E2B0F4F7900159632 /* MainTabBarViewController.swift */; };
		228F8C142B0F4F7C00159632 /* Assets.xcassets in Resources */ = {isa = PBXBuildFile; fileRef = 228F8C132B0F4F7C00159632 /* Assets.xcassets */; };
		228F8C172B0F4F7C00159632 /* LaunchScreen.storyboard in Resources */ = {isa = PBXBuildFile; fileRef = 228F8C152B0F4F7C00159632 /* LaunchScreen.storyboard */; };
		228F8C212B0F513100159632 /* HomeViewController.swift in Sources */ = {isa = PBXBuildFile; fileRef = 228F8C202B0F513100159632 /* HomeViewController.swift */; };
		228F8C232B0F514200159632 /* SearchViewController.swift in Sources */ = {isa = PBXBuildFile; fileRef = 228F8C222B0F514200159632 /* SearchViewController.swift */; };
		228F8C252B0F515400159632 /* NotificationsViewController.swift in Sources */ = {isa = PBXBuildFile; fileRef = 228F8C242B0F515400159632 /* NotificationsViewController.swift */; };
		228F8C272B0F516700159632 /* DirectMessagesViewController.swift in Sources */ = {isa = PBXBuildFile; fileRef = 228F8C262B0F516700159632 /* DirectMessagesViewController.swift */; };
		228F8C2A2B0F54E600159632 /* TweetTableViewCell.swift in Sources */ = {isa = PBXBuildFile; fileRef = 228F8C292B0F54E600159632 /* TweetTableViewCell.swift */; };
		228F8C2D2B0F626700159632 /* ProfileViewController.swift in Sources */ = {isa = PBXBuildFile; fileRef = 228F8C2C2B0F626700159632 /* ProfileViewController.swift */; };
		22F056B32B0F74CE00A99249 /* ProfileTableViewHeader.swift in Sources */ = {isa = PBXBuildFile; fileRef = 22F056B22B0F74CE00A99249 /* ProfileTableViewHeader.swift */; };
/* End PBXBuildFile section */

/* Begin PBXFileReference section */
		2252C0C92B10917800196C8E /* GoogleService-Info.plist */ = {isa = PBXFileReference; fileEncoding = 4; lastKnownFileType = text.plist.xml; path = "GoogleService-Info.plist"; sourceTree = "<group>"; };
		2252C0DF2B10ABB700196C8E /* OnboardingViewController.swift */ = {isa = PBXFileReference; lastKnownFileType = sourcecode.swift; path = OnboardingViewController.swift; sourceTree = "<group>"; };
		2252C0E12B10B15B00196C8E /* RegisterViewController.swift */ = {isa = PBXFileReference; lastKnownFileType = sourcecode.swift; path = RegisterViewController.swift; sourceTree = "<group>"; };
		2252C0E42B10BF8400196C8E /* RegisterViewModel.swift */ = {isa = PBXFileReference; lastKnownFileType = sourcecode.swift; path = RegisterViewModel.swift; sourceTree = "<group>"; };
		2252C0E72B10C46400196C8E /* AuthManager.swift */ = {isa = PBXFileReference; lastKnownFileType = sourcecode.swift; path = AuthManager.swift; sourceTree = "<group>"; };
		228F8C072B0F4F7900159632 /* youtubeAppStudyTwitterClone.app */ = {isa = PBXFileReference; explicitFileType = wrapper.application; includeInIndex = 0; path = youtubeAppStudyTwitterClone.app; sourceTree = BUILT_PRODUCTS_DIR; };
		228F8C0A2B0F4F7900159632 /* AppDelegate.swift */ = {isa = PBXFileReference; lastKnownFileType = sourcecode.swift; path = AppDelegate.swift; sourceTree = "<group>"; };
		228F8C0C2B0F4F7900159632 /* SceneDelegate.swift */ = {isa = PBXFileReference; lastKnownFileType = sourcecode.swift; path = SceneDelegate.swift; sourceTree = "<group>"; };
		228F8C0E2B0F4F7900159632 /* MainTabBarViewController.swift */ = {isa = PBXFileReference; lastKnownFileType = sourcecode.swift; path = MainTabBarViewController.swift; sourceTree = "<group>"; };
		228F8C132B0F4F7C00159632 /* Assets.xcassets */ = {isa = PBXFileReference; lastKnownFileType = folder.assetcatalog; path = Assets.xcassets; sourceTree = "<group>"; };
		228F8C162B0F4F7C00159632 /* Base */ = {isa = PBXFileReference; lastKnownFileType = file.storyboard; name = Base; path = Base.lproj/LaunchScreen.storyboard; sourceTree = "<group>"; };
		228F8C182B0F4F7C00159632 /* Info.plist */ = {isa = PBXFileReference; lastKnownFileType = text.plist.xml; path = Info.plist; sourceTree = "<group>"; };
		228F8C202B0F513100159632 /* HomeViewController.swift */ = {isa = PBXFileReference; lastKnownFileType = sourcecode.swift; path = HomeViewController.swift; sourceTree = "<group>"; };
		228F8C222B0F514200159632 /* SearchViewController.swift */ = {isa = PBXFileReference; lastKnownFileType = sourcecode.swift; path = SearchViewController.swift; sourceTree = "<group>"; };
		228F8C242B0F515400159632 /* NotificationsViewController.swift */ = {isa = PBXFileReference; lastKnownFileType = sourcecode.swift; path = NotificationsViewController.swift; sourceTree = "<group>"; };
		228F8C262B0F516700159632 /* DirectMessagesViewController.swift */ = {isa = PBXFileReference; lastKnownFileType = sourcecode.swift; path = DirectMessagesViewController.swift; sourceTree = "<group>"; };
		228F8C292B0F54E600159632 /* TweetTableViewCell.swift */ = {isa = PBXFileReference; lastKnownFileType = sourcecode.swift; path = TweetTableViewCell.swift; sourceTree = "<group>"; };
		228F8C2C2B0F626700159632 /* ProfileViewController.swift */ = {isa = PBXFileReference; lastKnownFileType = sourcecode.swift; path = ProfileViewController.swift; sourceTree = "<group>"; };
		22F056B22B0F74CE00A99249 /* ProfileTableViewHeader.swift */ = {isa = PBXFileReference; lastKnownFileType = sourcecode.swift; path = ProfileTableViewHeader.swift; sourceTree = "<group>"; };
/* End PBXFileReference section */

/* Begin PBXFrameworksBuildPhase section */
		228F8C042B0F4F7900159632 /* Frameworks */ = {
			isa = PBXFrameworksBuildPhase;
			buildActionMask = 2147483647;
			files = (
				2252C0D32B10A9E800196C8E /* FirebaseDatabaseSwift in Frameworks */,
				2252C0D12B10A9E800196C8E /* FirebaseDatabase in Frameworks */,
				2252C0CD2B10A9E800196C8E /* FirebaseAuth in Frameworks */,
				2252C0D92B10A9E800196C8E /* FirebaseFirestoreSwift in Frameworks */,
				2252C0D72B10A9E800196C8E /* FirebaseFirestoreCombine-Community in Frameworks */,
				2252C0DB2B10A9E800196C8E /* FirebaseStorage in Frameworks */,
				2252C0D52B10A9E800196C8E /* FirebaseFirestore in Frameworks */,
				2252C0DD2B10A9E800196C8E /* FirebaseStorageCombine-Community in Frameworks */,
				2252C0CF2B10A9E800196C8E /* FirebaseAuthCombine-Community in Frameworks */,
			);
			runOnlyForDeploymentPostprocessing = 0;
		};
/* End PBXFrameworksBuildPhase section */

/* Begin PBXGroup section */
		2252C0DE2B10AB9200196C8E /* Onboarding */ = {
			isa = PBXGroup;
			children = (
				2252C0DF2B10ABB700196C8E /* OnboardingViewController.swift */,
				2252C0E12B10B15B00196C8E /* RegisterViewController.swift */,
			);
			path = Onboarding;
			sourceTree = "<group>";
		};
		2252C0E32B10BF6D00196C8E /* ViewModels */ = {
			isa = PBXGroup;
			children = (
				2252C0E42B10BF8400196C8E /* RegisterViewModel.swift */,
			);
			path = ViewModels;
			sourceTree = "<group>";
		};
		2252C0E62B10C44F00196C8E /* Networking */ = {
			isa = PBXGroup;
			children = (
				2252C0E72B10C46400196C8E /* AuthManager.swift */,
			);
			path = Networking;
			sourceTree = "<group>";
		};
		228F8BFE2B0F4F7900159632 = {
			isa = PBXGroup;
			children = (
				228F8C092B0F4F7900159632 /* youtubeAppStudyTwitterClone */,
				228F8C082B0F4F7900159632 /* Products */,
			);
			sourceTree = "<group>";
		};
		228F8C082B0F4F7900159632 /* Products */ = {
			isa = PBXGroup;
			children = (
				228F8C072B0F4F7900159632 /* youtubeAppStudyTwitterClone.app */,
			);
			name = Products;
			sourceTree = "<group>";
		};
		228F8C092B0F4F7900159632 /* youtubeAppStudyTwitterClone */ = {
			isa = PBXGroup;
			children = (
				2252C0E62B10C44F00196C8E /* Networking */,
				2252C0E32B10BF6D00196C8E /* ViewModels */,
				228F8C282B0F54C800159632 /* Views */,
				228F8C1E2B0F510900159632 /* Controllers */,
				228F8C0A2B0F4F7900159632 /* AppDelegate.swift */,
				228F8C0C2B0F4F7900159632 /* SceneDelegate.swift */,
				228F8C132B0F4F7C00159632 /* Assets.xcassets */,
				228F8C152B0F4F7C00159632 /* LaunchScreen.storyboard */,
				228F8C182B0F4F7C00159632 /* Info.plist */,
				2252C0C92B10917800196C8E /* GoogleService-Info.plist */,
			);
			path = youtubeAppStudyTwitterClone;
			sourceTree = "<group>";
		};
		228F8C1E2B0F510900159632 /* Controllers */ = {
			isa = PBXGroup;
			children = (
				2252C0DE2B10AB9200196C8E /* Onboarding */,
				228F8C2B2B0F624F00159632 /* General */,
				228F8C1F2B0F511000159632 /* Core */,
			);
			path = Controllers;
			sourceTree = "<group>";
		};
		228F8C1F2B0F511000159632 /* Core */ = {
			isa = PBXGroup;
			children = (
				228F8C0E2B0F4F7900159632 /* MainTabBarViewController.swift */,
				228F8C202B0F513100159632 /* HomeViewController.swift */,
				228F8C222B0F514200159632 /* SearchViewController.swift */,
				228F8C242B0F515400159632 /* NotificationsViewController.swift */,
				228F8C262B0F516700159632 /* DirectMessagesViewController.swift */,
			);
			path = Core;
			sourceTree = "<group>";
		};
		228F8C282B0F54C800159632 /* Views */ = {
			isa = PBXGroup;
			children = (
				228F8C292B0F54E600159632 /* TweetTableViewCell.swift */,
				22F056B22B0F74CE00A99249 /* ProfileTableViewHeader.swift */,
			);
			path = Views;
			sourceTree = "<group>";
		};
		228F8C2B2B0F624F00159632 /* General */ = {
			isa = PBXGroup;
			children = (
				228F8C2C2B0F626700159632 /* ProfileViewController.swift */,
			);
			path = General;
			sourceTree = "<group>";
		};
/* End PBXGroup section */

/* Begin PBXNativeTarget section */
		228F8C062B0F4F7900159632 /* youtubeAppStudyTwitterClone */ = {
			isa = PBXNativeTarget;
			buildConfigurationList = 228F8C1B2B0F4F7C00159632 /* Build configuration list for PBXNativeTarget "youtubeAppStudyTwitterClone" */;
			buildPhases = (
				228F8C032B0F4F7900159632 /* Sources */,
				228F8C042B0F4F7900159632 /* Frameworks */,
				228F8C052B0F4F7900159632 /* Resources */,
			);
			buildRules = (
			);
			dependencies = (
			);
			name = youtubeAppStudyTwitterClone;
			packageProductDependencies = (
				2252C0CC2B10A9E800196C8E /* FirebaseAuth */,
				2252C0CE2B10A9E800196C8E /* FirebaseAuthCombine-Community */,
				2252C0D02B10A9E800196C8E /* FirebaseDatabase */,
				2252C0D22B10A9E800196C8E /* FirebaseDatabaseSwift */,
				2252C0D42B10A9E800196C8E /* FirebaseFirestore */,
				2252C0D62B10A9E800196C8E /* FirebaseFirestoreCombine-Community */,
				2252C0D82B10A9E800196C8E /* FirebaseFirestoreSwift */,
				2252C0DA2B10A9E800196C8E /* FirebaseStorage */,
				2252C0DC2B10A9E800196C8E /* FirebaseStorageCombine-Community */,
			);
			productName = youtubeAppStudyTwitterClone;
			productReference = 228F8C072B0F4F7900159632 /* youtubeAppStudyTwitterClone.app */;
			productType = "com.apple.product-type.application";
		};
/* End PBXNativeTarget section */

/* Begin PBXProject section */
		228F8BFF2B0F4F7900159632 /* Project object */ = {
			isa = PBXProject;
			attributes = {
				BuildIndependentTargetsInParallel = 1;
				LastSwiftUpdateCheck = 1420;
				LastUpgradeCheck = 1420;
				TargetAttributes = {
					228F8C062B0F4F7900159632 = {
						CreatedOnToolsVersion = 14.2;
					};
				};
			};
			buildConfigurationList = 228F8C022B0F4F7900159632 /* Build configuration list for PBXProject "youtubeAppStudyTwitterClone" */;
			compatibilityVersion = "Xcode 14.0";
			developmentRegion = en;
			hasScannedForEncodings = 0;
			knownRegions = (
				en,
				Base,
			);
			mainGroup = 228F8BFE2B0F4F7900159632;
			packageReferences = (
				2252C0CB2B10A9E800196C8E /* XCRemoteSwiftPackageReference "firebase-ios-sdk" */,
			);
			productRefGroup = 228F8C082B0F4F7900159632 /* Products */;
			projectDirPath = "";
			projectRoot = "";
			targets = (
				228F8C062B0F4F7900159632 /* youtubeAppStudyTwitterClone */,
			);
		};
/* End PBXProject section */

/* Begin PBXResourcesBuildPhase section */
		228F8C052B0F4F7900159632 /* Resources */ = {
			isa = PBXResourcesBuildPhase;
			buildActionMask = 2147483647;
			files = (
				228F8C172B0F4F7C00159632 /* LaunchScreen.storyboard in Resources */,
				2252C0CA2B10917800196C8E /* GoogleService-Info.plist in Resources */,
				228F8C142B0F4F7C00159632 /* Assets.xcassets in Resources */,
			);
			runOnlyForDeploymentPostprocessing = 0;
		};
/* End PBXResourcesBuildPhase section */

/* Begin PBXSourcesBuildPhase section */
		228F8C032B0F4F7900159632 /* Sources */ = {
			isa = PBXSourcesBuildPhase;
			buildActionMask = 2147483647;
			files = (
				228F8C232B0F514200159632 /* SearchViewController.swift in Sources */,
				2252C0E82B10C46400196C8E /* AuthManager.swift in Sources */,
				228F8C0F2B0F4F7900159632 /* MainTabBarViewController.swift in Sources */,
				228F8C0B2B0F4F7900159632 /* AppDelegate.swift in Sources */,
				2252C0E22B10B15B00196C8E /* RegisterViewController.swift in Sources */,
				228F8C252B0F515400159632 /* NotificationsViewController.swift in Sources */,
				228F8C0D2B0F4F7900159632 /* SceneDelegate.swift in Sources */,
				228F8C212B0F513100159632 /* HomeViewController.swift in Sources */,
				228F8C2D2B0F626700159632 /* ProfileViewController.swift in Sources */,
				2252C0E52B10BF8400196C8E /* RegisterViewModel.swift in Sources */,
				228F8C272B0F516700159632 /* DirectMessagesViewController.swift in Sources */,
				22F056B32B0F74CE00A99249 /* ProfileTableViewHeader.swift in Sources */,
				2252C0E02B10ABB700196C8E /* OnboardingViewController.swift in Sources */,
				228F8C2A2B0F54E600159632 /* TweetTableViewCell.swift in Sources */,
			);
			runOnlyForDeploymentPostprocessing = 0;
		};
/* End PBXSourcesBuildPhase section */

/* Begin PBXVariantGroup section */
		228F8C152B0F4F7C00159632 /* LaunchScreen.storyboard */ = {
			isa = PBXVariantGroup;
			children = (
				228F8C162B0F4F7C00159632 /* Base */,
			);
			name = LaunchScreen.storyboard;
			sourceTree = "<group>";
		};
/* End PBXVariantGroup section */

/* Begin XCBuildConfiguration section */
		228F8C192B0F4F7C00159632 /* Debug */ = {
			isa = XCBuildConfiguration;
			buildSettings = {
				ALWAYS_SEARCH_USER_PATHS = NO;
				CLANG_ANALYZER_NONNULL = YES;
				CLANG_ANALYZER_NUMBER_OBJECT_CONVERSION = YES_AGGRESSIVE;
				CLANG_CXX_LANGUAGE_STANDARD = "gnu++20";
				CLANG_ENABLE_MODULES = YES;
				CLANG_ENABLE_OBJC_ARC = YES;
				CLANG_ENABLE_OBJC_WEAK = YES;
				CLANG_WARN_BLOCK_CAPTURE_AUTORELEASING = YES;
				CLANG_WARN_BOOL_CONVERSION = YES;
				CLANG_WARN_COMMA = YES;
				CLANG_WARN_CONSTANT_CONVERSION = YES;
				CLANG_WARN_DEPRECATED_OBJC_IMPLEMENTATIONS = YES;
				CLANG_WARN_DIRECT_OBJC_ISA_USAGE = YES_ERROR;
				CLANG_WARN_DOCUMENTATION_COMMENTS = YES;
				CLANG_WARN_EMPTY_BODY = YES;
				CLANG_WARN_ENUM_CONVERSION = YES;
				CLANG_WARN_INFINITE_RECURSION = YES;
				CLANG_WARN_INT_CONVERSION = YES;
				CLANG_WARN_NON_LITERAL_NULL_CONVERSION = YES;
				CLANG_WARN_OBJC_IMPLICIT_RETAIN_SELF = YES;
				CLANG_WARN_OBJC_LITERAL_CONVERSION = YES;
				CLANG_WARN_OBJC_ROOT_CLASS = YES_ERROR;
				CLANG_WARN_QUOTED_INCLUDE_IN_FRAMEWORK_HEADER = YES;
				CLANG_WARN_RANGE_LOOP_ANALYSIS = YES;
				CLANG_WARN_STRICT_PROTOTYPES = YES;
				CLANG_WARN_SUSPICIOUS_MOVE = YES;
				CLANG_WARN_UNGUARDED_AVAILABILITY = YES_AGGRESSIVE;
				CLANG_WARN_UNREACHABLE_CODE = YES;
				CLANG_WARN__DUPLICATE_METHOD_MATCH = YES;
				COPY_PHASE_STRIP = NO;
				DEBUG_INFORMATION_FORMAT = dwarf;
				ENABLE_STRICT_OBJC_MSGSEND = YES;
				ENABLE_TESTABILITY = YES;
				GCC_C_LANGUAGE_STANDARD = gnu11;
				GCC_DYNAMIC_NO_PIC = NO;
				GCC_NO_COMMON_BLOCKS = YES;
				GCC_OPTIMIZATION_LEVEL = 0;
				GCC_PREPROCESSOR_DEFINITIONS = (
					"DEBUG=1",
					"$(inherited)",
				);
				GCC_WARN_64_TO_32_BIT_CONVERSION = YES;
				GCC_WARN_ABOUT_RETURN_TYPE = YES_ERROR;
				GCC_WARN_UNDECLARED_SELECTOR = YES;
				GCC_WARN_UNINITIALIZED_AUTOS = YES_AGGRESSIVE;
				GCC_WARN_UNUSED_FUNCTION = YES;
				GCC_WARN_UNUSED_VARIABLE = YES;
				IPHONEOS_DEPLOYMENT_TARGET = 16.2;
				MTL_ENABLE_DEBUG_INFO = INCLUDE_SOURCE;
				MTL_FAST_MATH = YES;
				ONLY_ACTIVE_ARCH = YES;
				SDKROOT = iphoneos;
				SWIFT_ACTIVE_COMPILATION_CONDITIONS = DEBUG;
				SWIFT_OPTIMIZATION_LEVEL = "-Onone";
			};
			name = Debug;
		};
		228F8C1A2B0F4F7C00159632 /* Release */ = {
			isa = XCBuildConfiguration;
			buildSettings = {
				ALWAYS_SEARCH_USER_PATHS = NO;
				CLANG_ANALYZER_NONNULL = YES;
				CLANG_ANALYZER_NUMBER_OBJECT_CONVERSION = YES_AGGRESSIVE;
				CLANG_CXX_LANGUAGE_STANDARD = "gnu++20";
				CLANG_ENABLE_MODULES = YES;
				CLANG_ENABLE_OBJC_ARC = YES;
				CLANG_ENABLE_OBJC_WEAK = YES;
				CLANG_WARN_BLOCK_CAPTURE_AUTORELEASING = YES;
				CLANG_WARN_BOOL_CONVERSION = YES;
				CLANG_WARN_COMMA = YES;
				CLANG_WARN_CONSTANT_CONVERSION = YES;
				CLANG_WARN_DEPRECATED_OBJC_IMPLEMENTATIONS = YES;
				CLANG_WARN_DIRECT_OBJC_ISA_USAGE = YES_ERROR;
				CLANG_WARN_DOCUMENTATION_COMMENTS = YES;
				CLANG_WARN_EMPTY_BODY = YES;
				CLANG_WARN_ENUM_CONVERSION = YES;
				CLANG_WARN_INFINITE_RECURSION = YES;
				CLANG_WARN_INT_CONVERSION = YES;
				CLANG_WARN_NON_LITERAL_NULL_CONVERSION = YES;
				CLANG_WARN_OBJC_IMPLICIT_RETAIN_SELF = YES;
				CLANG_WARN_OBJC_LITERAL_CONVERSION = YES;
				CLANG_WARN_OBJC_ROOT_CLASS = YES_ERROR;
				CLANG_WARN_QUOTED_INCLUDE_IN_FRAMEWORK_HEADER = YES;
				CLANG_WARN_RANGE_LOOP_ANALYSIS = YES;
				CLANG_WARN_STRICT_PROTOTYPES = YES;
				CLANG_WARN_SUSPICIOUS_MOVE = YES;
				CLANG_WARN_UNGUARDED_AVAILABILITY = YES_AGGRESSIVE;
				CLANG_WARN_UNREACHABLE_CODE = YES;
				CLANG_WARN__DUPLICATE_METHOD_MATCH = YES;
				COPY_PHASE_STRIP = NO;
				DEBUG_INFORMATION_FORMAT = "dwarf-with-dsym";
				ENABLE_NS_ASSERTIONS = NO;
				ENABLE_STRICT_OBJC_MSGSEND = YES;
				GCC_C_LANGUAGE_STANDARD = gnu11;
				GCC_NO_COMMON_BLOCKS = YES;
				GCC_WARN_64_TO_32_BIT_CONVERSION = YES;
				GCC_WARN_ABOUT_RETURN_TYPE = YES_ERROR;
				GCC_WARN_UNDECLARED_SELECTOR = YES;
				GCC_WARN_UNINITIALIZED_AUTOS = YES_AGGRESSIVE;
				GCC_WARN_UNUSED_FUNCTION = YES;
				GCC_WARN_UNUSED_VARIABLE = YES;
				IPHONEOS_DEPLOYMENT_TARGET = 16.2;
				MTL_ENABLE_DEBUG_INFO = NO;
				MTL_FAST_MATH = YES;
				SDKROOT = iphoneos;
				SWIFT_COMPILATION_MODE = wholemodule;
				SWIFT_OPTIMIZATION_LEVEL = "-O";
				VALIDATE_PRODUCT = YES;
			};
			name = Release;
		};
		228F8C1C2B0F4F7C00159632 /* Debug */ = {
			isa = XCBuildConfiguration;
			buildSettings = {
				ASSETCATALOG_COMPILER_APPICON_NAME = AppIcon;
				ASSETCATALOG_COMPILER_GLOBAL_ACCENT_COLOR_NAME = AccentColor;
				CODE_SIGN_STYLE = Automatic;
				CURRENT_PROJECT_VERSION = 1;
				DEVELOPMENT_TEAM = G376QDA776;
				GENERATE_INFOPLIST_FILE = YES;
				INFOPLIST_FILE = youtubeAppStudyTwitterClone/Info.plist;
				INFOPLIST_KEY_UIApplicationSupportsIndirectInputEvents = YES;
				INFOPLIST_KEY_UILaunchStoryboardName = LaunchScreen;
				INFOPLIST_KEY_UISupportedInterfaceOrientations = UIInterfaceOrientationPortrait;
				INFOPLIST_KEY_UISupportedInterfaceOrientations_iPad = "UIInterfaceOrientationLandscapeLeft UIInterfaceOrientationLandscapeRight UIInterfaceOrientationPortrait UIInterfaceOrientationPortraitUpsideDown";
				LD_RUNPATH_SEARCH_PATHS = (
					"$(inherited)",
					"@executable_path/Frameworks",
				);
				MARKETING_VERSION = 1.0;
				PRODUCT_BUNDLE_IDENTIFIER = com.shabernevalexandr.youtubeAppStudyTwitterClone;
				PRODUCT_NAME = "$(TARGET_NAME)";
				SUPPORTED_PLATFORMS = "iphoneos iphonesimulator";
				SUPPORTS_MACCATALYST = NO;
				SUPPORTS_MAC_DESIGNED_FOR_IPHONE_IPAD = NO;
				SWIFT_EMIT_LOC_STRINGS = YES;
				SWIFT_VERSION = 5.0;
				TARGETED_DEVICE_FAMILY = 1;
			};
			name = Debug;
		};
		228F8C1D2B0F4F7C00159632 /* Release */ = {
			isa = XCBuildConfiguration;
			buildSettings = {
				ASSETCATALOG_COMPILER_APPICON_NAME = AppIcon;
				ASSETCATALOG_COMPILER_GLOBAL_ACCENT_COLOR_NAME = AccentColor;
				CODE_SIGN_STYLE = Automatic;
				CURRENT_PROJECT_VERSION = 1;
				DEVELOPMENT_TEAM = G376QDA776;
				GENERATE_INFOPLIST_FILE = YES;
				INFOPLIST_FILE = youtubeAppStudyTwitterClone/Info.plist;
				INFOPLIST_KEY_UIApplicationSupportsIndirectInputEvents = YES;
				INFOPLIST_KEY_UILaunchStoryboardName = LaunchScreen;
				INFOPLIST_KEY_UISupportedInterfaceOrientations = UIInterfaceOrientationPortrait;
				INFOPLIST_KEY_UISupportedInterfaceOrientations_iPad = "UIInterfaceOrientationLandscapeLeft UIInterfaceOrientationLandscapeRight UIInterfaceOrientationPortrait UIInterfaceOrientationPortraitUpsideDown";
				LD_RUNPATH_SEARCH_PATHS = (
					"$(inherited)",
					"@executable_path/Frameworks",
				);
				MARKETING_VERSION = 1.0;
				PRODUCT_BUNDLE_IDENTIFIER = com.shabernevalexandr.youtubeAppStudyTwitterClone;
				PRODUCT_NAME = "$(TARGET_NAME)";
				SUPPORTED_PLATFORMS = "iphoneos iphonesimulator";
				SUPPORTS_MACCATALYST = NO;
				SUPPORTS_MAC_DESIGNED_FOR_IPHONE_IPAD = NO;
				SWIFT_EMIT_LOC_STRINGS = YES;
				SWIFT_VERSION = 5.0;
				TARGETED_DEVICE_FAMILY = 1;
			};
			name = Release;
		};
/* End XCBuildConfiguration section */

/* Begin XCConfigurationList section */
		228F8C022B0F4F7900159632 /* Build configuration list for PBXProject "youtubeAppStudyTwitterClone" */ = {
			isa = XCConfigurationList;
			buildConfigurations = (
				228F8C192B0F4F7C00159632 /* Debug */,
				228F8C1A2B0F4F7C00159632 /* Release */,
			);
			defaultConfigurationIsVisible = 0;
			defaultConfigurationName = Release;
		};
		228F8C1B2B0F4F7C00159632 /* Build configuration list for PBXNativeTarget "youtubeAppStudyTwitterClone" */ = {
			isa = XCConfigurationList;
			buildConfigurations = (
				228F8C1C2B0F4F7C00159632 /* Debug */,
				228F8C1D2B0F4F7C00159632 /* Release */,
			);
			defaultConfigurationIsVisible = 0;
			defaultConfigurationName = Release;
		};
/* End XCConfigurationList section */

/* Begin XCRemoteSwiftPackageReference section */
		2252C0CB2B10A9E800196C8E /* XCRemoteSwiftPackageReference "firebase-ios-sdk" */ = {
			isa = XCRemoteSwiftPackageReference;
			repositoryURL = "https://github.com/firebase/firebase-ios-sdk";
			requirement = {
				branch = master;
				kind = branch;
			};
		};
/* End XCRemoteSwiftPackageReference section */

/* Begin XCSwiftPackageProductDependency section */
		2252C0CC2B10A9E800196C8E /* FirebaseAuth */ = {
			isa = XCSwiftPackageProductDependency;
			package = 2252C0CB2B10A9E800196C8E /* XCRemoteSwiftPackageReference "firebase-ios-sdk" */;
			productName = FirebaseAuth;
		};
		2252C0CE2B10A9E800196C8E /* FirebaseAuthCombine-Community */ = {
			isa = XCSwiftPackageProductDependency;
			package = 2252C0CB2B10A9E800196C8E /* XCRemoteSwiftPackageReference "firebase-ios-sdk" */;
			productName = "FirebaseAuthCombine-Community";
		};
		2252C0D02B10A9E800196C8E /* FirebaseDatabase */ = {
			isa = XCSwiftPackageProductDependency;
			package = 2252C0CB2B10A9E800196C8E /* XCRemoteSwiftPackageReference "firebase-ios-sdk" */;
			productName = FirebaseDatabase;
		};
		2252C0D22B10A9E800196C8E /* FirebaseDatabaseSwift */ = {
			isa = XCSwiftPackageProductDependency;
			package = 2252C0CB2B10A9E800196C8E /* XCRemoteSwiftPackageReference "firebase-ios-sdk" */;
			productName = FirebaseDatabaseSwift;
		};
		2252C0D42B10A9E800196C8E /* FirebaseFirestore */ = {
			isa = XCSwiftPackageProductDependency;
			package = 2252C0CB2B10A9E800196C8E /* XCRemoteSwiftPackageReference "firebase-ios-sdk" */;
			productName = FirebaseFirestore;
		};
		2252C0D62B10A9E800196C8E /* FirebaseFirestoreCombine-Community */ = {
			isa = XCSwiftPackageProductDependency;
			package = 2252C0CB2B10A9E800196C8E /* XCRemoteSwiftPackageReference "firebase-ios-sdk" */;
			productName = "FirebaseFirestoreCombine-Community";
		};
		2252C0D82B10A9E800196C8E /* FirebaseFirestoreSwift */ = {
			isa = XCSwiftPackageProductDependency;
			package = 2252C0CB2B10A9E800196C8E /* XCRemoteSwiftPackageReference "firebase-ios-sdk" */;
			productName = FirebaseFirestoreSwift;
		};
		2252C0DA2B10A9E800196C8E /* FirebaseStorage */ = {
			isa = XCSwiftPackageProductDependency;
			package = 2252C0CB2B10A9E800196C8E /* XCRemoteSwiftPackageReference "firebase-ios-sdk" */;
			productName = FirebaseStorage;
		};
		2252C0DC2B10A9E800196C8E /* FirebaseStorageCombine-Community */ = {
			isa = XCSwiftPackageProductDependency;
			package = 2252C0CB2B10A9E800196C8E /* XCRemoteSwiftPackageReference "firebase-ios-sdk" */;
			productName = "FirebaseStorageCombine-Community";
		};
/* End XCSwiftPackageProductDependency section */
	};
	rootObject = 228F8BFF2B0F4F7900159632 /* Project object */;
}
